
Microsoft Visual Studio Solution File, Format Version 12.00
# Visual Studio Version 17
VisualStudioVersion = 17.7.34202.233
MinimumVisualStudioVersion = 10.0.40219.1
Project("{9A19103F-16F7-4668-BE54-9A1E7A4F7556}") = "CineFront", "Cine\CineFront.csproj", "{EA765D3B-44EE-4FB4-8333-C1D988B81AA3}"
EndProject
Project("{9A19103F-16F7-4668-BE54-9A1E7A4F7556}") = "CineAPI", "CineAPI\CineAPI.csproj", "{1525F56A-B17D-44C3-840A-AEB9CB144BBD}"
EndProject
Project("{9A19103F-16F7-4668-BE54-9A1E7A4F7556}") = "CineBack", "CineBack\CineBack.csproj", "{93D4EA23-53A5-48BB-A8E6-A4973A6B9D86}"
EndProject
Project("{FAE04EC0-301F-11D3-BF4B-00C04F79EFBC}") = "Reporte Funciones", "repFunciones\Reporte Funciones\Reporte Funciones.csproj", "{FD268DE1-FE77-41BA-AC66-583EC85E43AA}"
EndProject
Project("{FAE04EC0-301F-11D3-BF4B-00C04F79EFBC}") = "Reporte final", "repPeliculas\Reporte final\Reporte final.csproj", "{5CF2FC49-72FE-4584-B899-629EEDBA39A2}"
EndProject
Global
	GlobalSection(SolutionConfigurationPlatforms) = preSolution
		Debug|Any CPU = Debug|Any CPU
		Release|Any CPU = Release|Any CPU
	EndGlobalSection
	GlobalSection(ProjectConfigurationPlatforms) = postSolution
		{EA765D3B-44EE-4FB4-8333-C1D988B81AA3}.Debug|Any CPU.ActiveCfg = Debug|Any CPU
		{EA765D3B-44EE-4FB4-8333-C1D988B81AA3}.Debug|Any CPU.Build.0 = Debug|Any CPU
		{EA765D3B-44EE-4FB4-8333-C1D988B81AA3}.Release|Any CPU.ActiveCfg = Release|Any CPU
		{EA765D3B-44EE-4FB4-8333-C1D988B81AA3}.Release|Any CPU.Build.0 = Release|Any CPU
		{1525F56A-B17D-44C3-840A-AEB9CB144BBD}.Debug|Any CPU.ActiveCfg = Debug|Any CPU
		{1525F56A-B17D-44C3-840A-AEB9CB144BBD}.Debug|Any CPU.Build.0 = Debug|Any CPU
		{1525F56A-B17D-44C3-840A-AEB9CB144BBD}.Release|Any CPU.ActiveCfg = Release|Any CPU
		{1525F56A-B17D-44C3-840A-AEB9CB144BBD}.Release|Any CPU.Build.0 = Release|Any CPU
		{93D4EA23-53A5-48BB-A8E6-A4973A6B9D86}.Debug|Any CPU.ActiveCfg = Debug|Any CPU
		{93D4EA23-53A5-48BB-A8E6-A4973A6B9D86}.Debug|Any CPU.Build.0 = Debug|Any CPU
		{93D4EA23-53A5-48BB-A8E6-A4973A6B9D86}.Release|Any CPU.ActiveCfg = Release|Any CPU
		{93D4EA23-53A5-48BB-A8E6-A4973A6B9D86}.Release|Any CPU.Build.0 = Release|Any CPU
		{FD268DE1-FE77-41BA-AC66-583EC85E43AA}.Debug|Any CPU.ActiveCfg = Debug|Any CPU
		{FD268DE1-FE77-41BA-AC66-583EC85E43AA}.Debug|Any CPU.Build.0 = Debug|Any CPU
		{FD268DE1-FE77-41BA-AC66-583EC85E43AA}.Release|Any CPU.ActiveCfg = Release|Any CPU
		{FD268DE1-FE77-41BA-AC66-583EC85E43AA}.Release|Any CPU.Build.0 = Release|Any CPU
		{5CF2FC49-72FE-4584-B899-629EEDBA39A2}.Debug|Any CPU.ActiveCfg = Debug|Any CPU
		{5CF2FC49-72FE-4584-B899-629EEDBA39A2}.Debug|Any CPU.Build.0 = Debug|Any CPU
		{5CF2FC49-72FE-4584-B899-629EEDBA39A2}.Release|Any CPU.ActiveCfg = Release|Any CPU
		{5CF2FC49-72FE-4584-B899-629EEDBA39A2}.Release|Any CPU.Build.0 = Release|Any CPU
	EndGlobalSection
	GlobalSection(SolutionProperties) = preSolution
		HideSolutionNode = FALSE
	EndGlobalSection
	GlobalSection(ExtensibilityGlobals) = postSolution
		SolutionGuid = {E3A0DE7C-FEB0-47DC-B945-080C27C3FBBF}
	EndGlobalSection
EndGlobal
